
Microsoft Visual Studio Solution File, Format Version 12.00
# Visual Studio Version 17
VisualStudioVersion = 17.14.36908.2 d17.14
MinimumVisualStudioVersion = 10.0.40219.1
Project("{FAE04EC0-301F-11D3-BF4B-00C04F79EFBC}") = "WebApplication1", "WebApplication1.csproj", "{0CE96F9D-92B6-48B9-9237-E4932058DDFB}"
EndProject
Global
	GlobalSection(SolutionConfigurationPlatforms) = preSolution
		Debug|Any CPU = Debug|Any CPU
		Release|Any CPU = Release|Any CPU
	EndGlobalSection
	GlobalSection(ProjectConfigurationPlatforms) = postSolution
		{0CE96F9D-92B6-48B9-9237-E4932058DDFB}.Debug|Any CPU.ActiveCfg = Debug|Any CPU
		{0CE96F9D-92B6-48B9-9237-E4932058DDFB}.Debug|Any CPU.Build.0 = Debug|Any CPU
		{0CE96F9D-92B6-48B9-9237-E4932058DDFB}.Release|Any CPU.ActiveCfg = Release|Any CPU
		{0CE96F9D-92B6-48B9-9237-E4932058DDFB}.Release|Any CPU.Build.0 = Release|Any CPU
	EndGlobalSection
	GlobalSection(SolutionProperties) = preSolution
		HideSolutionNode = FALSE
	EndGlobalSection
	GlobalSection(ExtensibilityGlobals) = postSolution
		SolutionGuid = {B7D47E28-8F11-4ECF-9B50-AA8A84C9ACD5}
	EndGlobalSection
EndGlobal
